
Microsoft Visual Studio Solution File, Format Version 12.00
# Visual Studio Version 18
VisualStudioVersion = 18.5.11626.173 insiders
MinimumVisualStudioVersion = 10.0.40219.1
Project("{FAE04EC0-301F-11D3-BF4B-00C04F79EFBC}") = "OxidizedMediumcore", "OxidizedMediumcore.csproj", "{D0AE68B0-BE11-F946-25CB-E35CCA197E61}"
EndProject
Global
	GlobalSection(SolutionConfigurationPlatforms) = preSolution
		Debug|Any CPU = Debug|Any CPU
		Release|Any CPU = Release|Any CPU
	EndGlobalSection
	GlobalSection(ProjectConfigurationPlatforms) = postSolution
		{D0AE68B0-BE11-F946-25CB-E35CCA197E61}.Debug|Any CPU.ActiveCfg = Debug|Any CPU
		{D0AE68B0-BE11-F946-25CB-E35CCA197E61}.Debug|Any CPU.Build.0 = Debug|Any CPU
		{D0AE68B0-BE11-F946-25CB-E35CCA197E61}.Release|Any CPU.ActiveCfg = Release|Any CPU
		{D0AE68B0-BE11-F946-25CB-E35CCA197E61}.Release|Any CPU.Build.0 = Release|Any CPU
	EndGlobalSection
	GlobalSection(SolutionProperties) = preSolution
		HideSolutionNode = FALSE
	EndGlobalSection
	GlobalSection(ExtensibilityGlobals) = postSolution
		SolutionGuid = {C4C7E6C4-CFF8-4751-9FAF-47D55809C08F}
	EndGlobalSection
EndGlobal
